
Microsoft Visual Studio Solution File, Format Version 12.00
# Visual Studio Version 17
VisualStudioVersion = 17.4.33205.214
MinimumVisualStudioVersion = 10.0.40219.1
Project("{9A19103F-16F7-4668-BE54-9A1E7A4F7556}") = "PrepareAll", "PrepareAll\PrepareAll.csproj", "{95192165-A403-416D-89B5-2100329EA8B5}"
EndProject
Project("{FAE04EC0-301F-11D3-BF4B-00C04F79EFBC}") = "ComputerInfo", "ComputerInfo\ComputerInfo.csproj", "{3421DF3A-5B96-4AC4-8FAD-56A517A0D4A4}"
EndProject
Project("{9A19103F-16F7-4668-BE54-9A1E7A4F7556}") = "ComputerInfoTest", "ComputerInfoTest\ComputerInfoTest.csproj", "{79B9C0F6-5A64-46F7-97A8-978349A73B7F}"
EndProject
Project("{9A19103F-16F7-4668-BE54-9A1E7A4F7556}") = "UserApp", "UserApp\UserApp.csproj", "{2699933D-8690-484A-9306-4A14DDFD84ED}"
EndProject
Project("{9A19103F-16F7-4668-BE54-9A1E7A4F7556}") = "ServerLibrary", "ServerLibrary\ServerLibrary.csproj", "{BCADA09F-1141-46B8-AFD9-E77DC3D2BFC9}"
EndProject
Project("{9A19103F-16F7-4668-BE54-9A1E7A4F7556}") = "DAL", "DAL\DAL.csproj", "{E607132E-5914-4EA7-A43E-5A896CB72DDF}"
EndProject
Project("{9A19103F-16F7-4668-BE54-9A1E7A4F7556}") = "Common", "Common\Common.csproj", "{3EAA403B-EAFD-414E-A49E-426B3E508AB5}"
EndProject
Project("{9A19103F-16F7-4668-BE54-9A1E7A4F7556}") = "ServerLibraryTest", "ServerLibraryTest\ServerLibraryTest.csproj", "{F72324E8-C3C5-46FE-95EE-8D03BD08D54C}"
EndProject
Project("{9A19103F-16F7-4668-BE54-9A1E7A4F7556}") = "ServerConsoleTest", "ServerConsoleTest\ServerConsoleTest.csproj", "{4A66506C-8D6B-4E26-AD96-65386D2396E6}"
EndProject
Project("{9A19103F-16F7-4668-BE54-9A1E7A4F7556}") = "Server", "Server\Server.csproj", "{A236449D-2988-4663-A44D-AC0DC3229C48}"
EndProject
Project("{9A19103F-16F7-4668-BE54-9A1E7A4F7556}") = "WebSite", "WebSite\WebSite.csproj", "{15552231-E48C-4382-A31B-16DF4EA07CA6}"
EndProject
Global
	GlobalSection(SolutionConfigurationPlatforms) = preSolution
		Debug|Any CPU = Debug|Any CPU
		Debug|x64 = Debug|x64
		Debug|x86 = Debug|x86
		Release|Any CPU = Release|Any CPU
		Release|x64 = Release|x64
		Release|x86 = Release|x86
	EndGlobalSection
	GlobalSection(ProjectConfigurationPlatforms) = postSolution
		{95192165-A403-416D-89B5-2100329EA8B5}.Debug|Any CPU.ActiveCfg = Debug|Any CPU
		{95192165-A403-416D-89B5-2100329EA8B5}.Debug|Any CPU.Build.0 = Debug|Any CPU
		{95192165-A403-416D-89B5-2100329EA8B5}.Debug|x64.ActiveCfg = Debug|Any CPU
		{95192165-A403-416D-89B5-2100329EA8B5}.Debug|x64.Build.0 = Debug|Any CPU
		{95192165-A403-416D-89B5-2100329EA8B5}.Debug|x86.ActiveCfg = Debug|x86
		{95192165-A403-416D-89B5-2100329EA8B5}.Debug|x86.Build.0 = Debug|x86
		{95192165-A403-416D-89B5-2100329EA8B5}.Release|Any CPU.ActiveCfg = Release|Any CPU
		{95192165-A403-416D-89B5-2100329EA8B5}.Release|Any CPU.Build.0 = Release|Any CPU
		{95192165-A403-416D-89B5-2100329EA8B5}.Release|x64.ActiveCfg = Release|x64
		{95192165-A403-416D-89B5-2100329EA8B5}.Release|x64.Build.0 = Release|x64
		{95192165-A403-416D-89B5-2100329EA8B5}.Release|x86.ActiveCfg = Release|x86
		{95192165-A403-416D-89B5-2100329EA8B5}.Release|x86.Build.0 = Release|x86
		{3421DF3A-5B96-4AC4-8FAD-56A517A0D4A4}.Debug|Any CPU.ActiveCfg = Debug|Any CPU
		{3421DF3A-5B96-4AC4-8FAD-56A517A0D4A4}.Debug|Any CPU.Build.0 = Debug|Any CPU
		{3421DF3A-5B96-4AC4-8FAD-56A517A0D4A4}.Debug|x64.ActiveCfg = Debug|Any CPU
		{3421DF3A-5B96-4AC4-8FAD-56A517A0D4A4}.Debug|x64.Build.0 = Debug|Any CPU
		{3421DF3A-5B96-4AC4-8FAD-56A517A0D4A4}.Debug|x86.ActiveCfg = Debug|Any CPU
		{3421DF3A-5B96-4AC4-8FAD-56A517A0D4A4}.Debug|x86.Build.0 = Debug|Any CPU
		{3421DF3A-5B96-4AC4-8FAD-56A517A0D4A4}.Release|Any CPU.ActiveCfg = Release|Any CPU
		{3421DF3A-5B96-4AC4-8FAD-56A517A0D4A4}.Release|Any CPU.Build.0 = Release|Any CPU
		{3421DF3A-5B96-4AC4-8FAD-56A517A0D4A4}.Release|x64.ActiveCfg = Release|Any CPU
		{3421DF3A-5B96-4AC4-8FAD-56A517A0D4A4}.Release|x64.Build.0 = Release|Any CPU
		{3421DF3A-5B96-4AC4-8FAD-56A517A0D4A4}.Release|x86.ActiveCfg = Release|Any CPU
		{3421DF3A-5B96-4AC4-8FAD-56A517A0D4A4}.Release|x86.Build.0 = Release|Any CPU
		{79B9C0F6-5A64-46F7-97A8-978349A73B7F}.Debug|Any CPU.ActiveCfg = Debug|Any CPU
		{79B9C0F6-5A64-46F7-97A8-978349A73B7F}.Debug|Any CPU.Build.0 = Debug|Any CPU
		{79B9C0F6-5A64-46F7-97A8-978349A73B7F}.Debug|x64.ActiveCfg = Debug|Any CPU
		{79B9C0F6-5A64-46F7-97A8-978349A73B7F}.Debug|x64.Build.0 = Debug|Any CPU
		{79B9C0F6-5A64-46F7-97A8-978349A73B7F}.Debug|x86.ActiveCfg = Debug|Any CPU
		{79B9C0F6-5A64-46F7-97A8-978349A73B7F}.Debug|x86.Build.0 = Debug|Any CPU
		{79B9C0F6-5A64-46F7-97A8-978349A73B7F}.Release|Any CPU.ActiveCfg = Release|Any CPU
		{79B9C0F6-5A64-46F7-97A8-978349A73B7F}.Release|Any CPU.Build.0 = Release|Any CPU
		{79B9C0F6-5A64-46F7-97A8-978349A73B7F}.Release|x64.ActiveCfg = Release|Any CPU
		{79B9C0F6-5A64-46F7-97A8-978349A73B7F}.Release|x64.Build.0 = Release|Any CPU
		{79B9C0F6-5A64-46F7-97A8-978349A73B7F}.Release|x86.ActiveCfg = Release|Any CPU
		{79B9C0F6-5A64-46F7-97A8-978349A73B7F}.Release|x86.Build.0 = Release|Any CPU
		{2699933D-8690-484A-9306-4A14DDFD84ED}.Debug|Any CPU.ActiveCfg = Debug|Any CPU
		{2699933D-8690-484A-9306-4A14DDFD84ED}.Debug|Any CPU.Build.0 = Debug|Any CPU
		{2699933D-8690-484A-9306-4A14DDFD84ED}.Debug|x64.ActiveCfg = Debug|Any CPU
		{2699933D-8690-484A-9306-4A14DDFD84ED}.Debug|x64.Build.0 = Debug|Any CPU
		{2699933D-8690-484A-9306-4A14DDFD84ED}.Debug|x86.ActiveCfg = Debug|Any CPU
		{2699933D-8690-484A-9306-4A14DDFD84ED}.Debug|x86.Build.0 = Debug|Any CPU
		{2699933D-8690-484A-9306-4A14DDFD84ED}.Release|Any CPU.ActiveCfg = Release|Any CPU
		{2699933D-8690-484A-9306-4A14DDFD84ED}.Release|Any CPU.Build.0 = Release|Any CPU
		{2699933D-8690-484A-9306-4A14DDFD84ED}.Release|x64.ActiveCfg = Release|Any CPU
		{2699933D-8690-484A-9306-4A14DDFD84ED}.Release|x64.Build.0 = Release|Any CPU
		{2699933D-8690-484A-9306-4A14DDFD84ED}.Release|x86.ActiveCfg = Release|Any CPU
		{2699933D-8690-484A-9306-4A14DDFD84ED}.Release|x86.Build.0 = Release|Any CPU
		{BCADA09F-1141-46B8-AFD9-E77DC3D2BFC9}.Debug|Any CPU.ActiveCfg = Debug|Any CPU
		{BCADA09F-1141-46B8-AFD9-E77DC3D2BFC9}.Debug|Any CPU.Build.0 = Debug|Any CPU
		{BCADA09F-1141-46B8-AFD9-E77DC3D2BFC9}.Debug|x64.ActiveCfg = Debug|Any CPU
		{BCADA09F-1141-46B8-AFD9-E77DC3D2BFC9}.Debug|x64.Build.0 = Debug|Any CPU
		{BCADA09F-1141-46B8-AFD9-E77DC3D2BFC9}.Debug|x86.ActiveCfg = Debug|Any CPU
		{BCADA09F-1141-46B8-AFD9-E77DC3D2BFC9}.Debug|x86.Build.0 = Debug|Any CPU
		{BCADA09F-1141-46B8-AFD9-E77DC3D2BFC9}.Release|Any CPU.ActiveCfg = Release|Any CPU
		{BCADA09F-1141-46B8-AFD9-E77DC3D2BFC9}.Release|Any CPU.Build.0 = Release|Any CPU
		{BCADA09F-1141-46B8-AFD9-E77DC3D2BFC9}.Release|x64.ActiveCfg = Release|Any CPU
		{BCADA09F-1141-46B8-AFD9-E77DC3D2BFC9}.Release|x64.Build.0 = Release|Any CPU
		{BCADA09F-1141-46B8-AFD9-E77DC3D2BFC9}.Release|x86.ActiveCfg = Release|Any CPU
		{BCADA09F-1141-46B8-AFD9-E77DC3D2BFC9}.Release|x86.Build.0 = Release|Any CPU
		{E607132E-5914-4EA7-A43E-5A896CB72DDF}.Debug|Any CPU.ActiveCfg = Debug|Any CPU
		{E607132E-5914-4EA7-A43E-5A896CB72DDF}.Debug|Any CPU.Build.0 = Debug|Any CPU
		{E607132E-5914-4EA7-A43E-5A896CB72DDF}.Debug|x64.ActiveCfg = Debug|Any CPU
		{E607132E-5914-4EA7-A43E-5A896CB72DDF}.Debug|x64.Build.0 = Debug|Any CPU
		{E607132E-5914-4EA7-A43E-5A896CB72DDF}.Debug|x86.ActiveCfg = Debug|Any CPU
		{E607132E-5914-4EA7-A43E-5A896CB72DDF}.Debug|x86.Build.0 = Debug|Any CPU
		{E607132E-5914-4EA7-A43E-5A896CB72DDF}.Release|Any CPU.ActiveCfg = Release|Any CPU
		{E607132E-5914-4EA7-A43E-5A896CB72DDF}.Release|Any CPU.Build.0 = Release|Any CPU
		{E607132E-5914-4EA7-A43E-5A896CB72DDF}.Release|x64.ActiveCfg = Release|Any CPU
		{E607132E-5914-4EA7-A43E-5A896CB72DDF}.Release|x64.Build.0 = Release|Any CPU
		{E607132E-5914-4EA7-A43E-5A896CB72DDF}.Release|x86.ActiveCfg = Release|Any CPU
		{E607132E-5914-4EA7-A43E-5A896CB72DDF}.Release|x86.Build.0 = Release|Any CPU
		{3EAA403B-EAFD-414E-A49E-426B3E508AB5}.Debug|Any CPU.ActiveCfg = Debug|Any CPU
		{3EAA403B-EAFD-414E-A49E-426B3E508AB5}.Debug|Any CPU.Build.0 = Debug|Any CPU
		{3EAA403B-EAFD-414E-A49E-426B3E508AB5}.Debug|x64.ActiveCfg = Debug|Any CPU
		{3EAA403B-EAFD-414E-A49E-426B3E508AB5}.Debug|x64.Build.0 = Debug|Any CPU
		{3EAA403B-EAFD-414E-A49E-426B3E508AB5}.Debug|x86.ActiveCfg = Debug|Any CPU
		{3EAA403B-EAFD-414E-A49E-426B3E508AB5}.Debug|x86.Build.0 = Debug|Any CPU
		{3EAA403B-EAFD-414E-A49E-426B3E508AB5}.Release|Any CPU.ActiveCfg = Release|Any CPU
		{3EAA403B-EAFD-414E-A49E-426B3E508AB5}.Release|Any CPU.Build.0 = Release|Any CPU
		{3EAA403B-EAFD-414E-A49E-426B3E508AB5}.Release|x64.ActiveCfg = Release|Any CPU
		{3EAA403B-EAFD-414E-A49E-426B3E508AB5}.Release|x64.Build.0 = Release|Any CPU
		{3EAA403B-EAFD-414E-A49E-426B3E508AB5}.Release|x86.ActiveCfg = Release|Any CPU
		{3EAA403B-EAFD-414E-A49E-426B3E508AB5}.Release|x86.Build.0 = Release|Any CPU
		{F72324E8-C3C5-46FE-95EE-8D03BD08D54C}.Debug|Any CPU.ActiveCfg = Debug|Any CPU
		{F72324E8-C3C5-46FE-95EE-8D03BD08D54C}.Debug|Any CPU.Build.0 = Debug|Any CPU
		{F72324E8-C3C5-46FE-95EE-8D03BD08D54C}.Debug|x64.ActiveCfg = Debug|Any CPU
		{F72324E8-C3C5-46FE-95EE-8D03BD08D54C}.Debug|x64.Build.0 = Debug|Any CPU
		{F72324E8-C3C5-46FE-95EE-8D03BD08D54C}.Debug|x86.ActiveCfg = Debug|Any CPU
		{F72324E8-C3C5-46FE-95EE-8D03BD08D54C}.Debug|x86.Build.0 = Debug|Any CPU
		{F72324E8-C3C5-46FE-95EE-8D03BD08D54C}.Release|Any CPU.ActiveCfg = Release|Any CPU
		{F72324E8-C3C5-46FE-95EE-8D03BD08D54C}.Release|Any CPU.Build.0 = Release|Any CPU
		{F72324E8-C3C5-46FE-95EE-8D03BD08D54C}.Release|x64.ActiveCfg = Release|Any CPU
		{F72324E8-C3C5-46FE-95EE-8D03BD08D54C}.Release|x64.Build.0 = Release|Any CPU
		{F72324E8-C3C5-46FE-95EE-8D03BD08D54C}.Release|x86.ActiveCfg = Release|Any CPU
		{F72324E8-C3C5-46FE-95EE-8D03BD08D54C}.Release|x86.Build.0 = Release|Any CPU
		{4A66506C-8D6B-4E26-AD96-65386D2396E6}.Debug|Any CPU.ActiveCfg = Debug|Any CPU
		{4A66506C-8D6B-4E26-AD96-65386D2396E6}.Debug|Any CPU.Build.0 = Debug|Any CPU
		{4A66506C-8D6B-4E26-AD96-65386D2396E6}.Debug|x64.ActiveCfg = Debug|Any CPU
		{4A66506C-8D6B-4E26-AD96-65386D2396E6}.Debug|x64.Build.0 = Debug|Any CPU
		{4A66506C-8D6B-4E26-AD96-65386D2396E6}.Debug|x86.ActiveCfg = Debug|Any CPU
		{4A66506C-8D6B-4E26-AD96-65386D2396E6}.Debug|x86.Build.0 = Debug|Any CPU
		{4A66506C-8D6B-4E26-AD96-65386D2396E6}.Release|Any CPU.ActiveCfg = Release|Any CPU
		{4A66506C-8D6B-4E26-AD96-65386D2396E6}.Release|Any CPU.Build.0 = Release|Any CPU
		{4A66506C-8D6B-4E26-AD96-65386D2396E6}.Release|x64.ActiveCfg = Release|Any CPU
		{4A66506C-8D6B-4E26-AD96-65386D2396E6}.Release|x64.Build.0 = Release|Any CPU
		{4A66506C-8D6B-4E26-AD96-65386D2396E6}.Release|x86.ActiveCfg = Release|Any CPU
		{4A66506C-8D6B-4E26-AD96-65386D2396E6}.Release|x86.Build.0 = Release|Any CPU
		{A236449D-2988-4663-A44D-AC0DC3229C48}.Debug|Any CPU.ActiveCfg = Debug|Any CPU
		{A236449D-2988-4663-A44D-AC0DC3229C48}.Debug|Any CPU.Build.0 = Debug|Any CPU
		{A236449D-2988-4663-A44D-AC0DC3229C48}.Debug|x64.ActiveCfg = Debug|Any CPU
		{A236449D-2988-4663-A44D-AC0DC3229C48}.Debug|x64.Build.0 = Debug|Any CPU
		{A236449D-2988-4663-A44D-AC0DC3229C48}.Debug|x86.ActiveCfg = Debug|Any CPU
		{A236449D-2988-4663-A44D-AC0DC3229C48}.Debug|x86.Build.0 = Debug|Any CPU
		{A236449D-2988-4663-A44D-AC0DC3229C48}.Release|Any CPU.ActiveCfg = Release|Any CPU
		{A236449D-2988-4663-A44D-AC0DC3229C48}.Release|Any CPU.Build.0 = Release|Any CPU
		{A236449D-2988-4663-A44D-AC0DC3229C48}.Release|x64.ActiveCfg = Release|Any CPU
		{A236449D-2988-4663-A44D-AC0DC3229C48}.Release|x64.Build.0 = Release|Any CPU
		{A236449D-2988-4663-A44D-AC0DC3229C48}.Release|x86.ActiveCfg = Release|Any CPU
		{A236449D-2988-4663-A44D-AC0DC3229C48}.Release|x86.Build.0 = Release|Any CPU
		{15552231-E48C-4382-A31B-16DF4EA07CA6}.Debug|Any CPU.ActiveCfg = Debug|Any CPU
		{15552231-E48C-4382-A31B-16DF4EA07CA6}.Debug|Any CPU.Build.0 = Debug|Any CPU
		{15552231-E48C-4382-A31B-16DF4EA07CA6}.Debug|x64.ActiveCfg = Debug|Any CPU
		{15552231-E48C-4382-A31B-16DF4EA07CA6}.Debug|x64.Build.0 = Debug|Any CPU
		{15552231-E48C-4382-A31B-16DF4EA07CA6}.Debug|x86.ActiveCfg = Debug|Any CPU
		{15552231-E48C-4382-A31B-16DF4EA07CA6}.Debug|x86.Build.0 = Debug|Any CPU
		{15552231-E48C-4382-A31B-16DF4EA07CA6}.Release|Any CPU.ActiveCfg = Release|Any CPU
		{15552231-E48C-4382-A31B-16DF4EA07CA6}.Release|Any CPU.Build.0 = Release|Any CPU
		{15552231-E48C-4382-A31B-16DF4EA07CA6}.Release|x64.ActiveCfg = Release|Any CPU
		{15552231-E48C-4382-A31B-16DF4EA07CA6}.Release|x64.Build.0 = Release|Any CPU
		{15552231-E48C-4382-A31B-16DF4EA07CA6}.Release|x86.ActiveCfg = Release|Any CPU
		{15552231-E48C-4382-A31B-16DF4EA07CA6}.Release|x86.Build.0 = Release|Any CPU
	EndGlobalSection
	GlobalSection(SolutionProperties) = preSolution
		HideSolutionNode = FALSE
	EndGlobalSection
	GlobalSection(ExtensibilityGlobals) = postSolution
		SolutionGuid = {5F2E67A4-2167-44A9-A4B6-5D24BA56C445}
	EndGlobalSection
EndGlobal
